<?xml version="1.0" encoding="utf-8"?>
<Project ToolsVersion="4.0" xmlns="http://schemas.microsoft.com/developer/msbuild/2003">
  <ItemGroup>
    <Filter Include="Source Files">
      <UniqueIdentifier>{4FC737F1-C7A5-4376-A066-2A32D752A2FF}</UniqueIdentifier>
      <Extensions>cpp;c;cc;cxx;def;odl;idl;hpj;bat;asm;asmx</Extensions>
    </Filter>
    <Filter Include="Engine">
      <UniqueIdentifier>{23b47b7d-5a28-4640-90e0-a795931d6716}</UniqueIdentifier>
    </Filter>
    <Filter Include="Header Files">
      <UniqueIdentifier>{6beda4c5-2085-4528-8ac0-3720b399aa7c}</UniqueIdentifier>
    </Filter>
    <Filter Include="Header Files\Containers">
      <UniqueIdentifier>{e59b540b-8cb4-4afa-9c61-dac5fd3870d1}</UniqueIdentifier>
    </Filter>
  </ItemGroup>
  <ItemGroup>
    <ClInclude Include="PhysObject.h">
      <Filter>Header Files</Filter>
    </ClInclude>
    <ClInclude Include="Physics.h">
      <Filter>Header Files</Filter>
    </ClInclude>
    <ClInclude Include="Application.h">
      <Filter>Header Files</Filter>
    </ClInclude>
    <ClInclude Include="Globals.h">
      <Filter>Header Files</Filter>
    </ClInclude>
    <ClInclude Include="SString.h">
      <Filter>Header Files</Filter>
    </ClInclude>
    <ClInclude Include="Vector2d.h">
      <Filter>Header Files</Filter>
    </ClInclude>
    <ClInclude Include="ModuleAudio.h">
      <Filter>Header Files</Filter>
    </ClInclude>
    <ClInclude Include="ModuleFadeToBlack.h">
      <Filter>Header Files</Filter>
    </ClInclude>
    <ClInclude Include="ModuleFonts.h">
      <Filter>Header Files</Filter>
    </ClInclude>
    <ClInclude Include="ModuleInput.h">
      <Filter>Header Files</Filter>
    </ClInclude>
    <ClInclude Include="ModulePhysics.h">
      <Filter>Header Files</Filter>
    </ClInclude>
    <ClInclude Include="ModuleRender.h">
      <Filter>Header Files</Filter>
    </ClInclude>
    <ClInclude Include="ModuleTextures.h">
      <Filter>Header Files</Filter>
    </ClInclude>
    <ClInclude Include="ModuleUi.h">
      <Filter>Header Files</Filter>
    </ClInclude>
    <ClInclude Include="ModuleWindow.h">
      <Filter>Header Files</Filter>
    </ClInclude>
    <ClInclude Include="ModuleSceneEnd.h">
      <Filter>Header Files</Filter>
    </ClInclude>
    <ClInclude Include="ModuleSceneIntro.h">
      <Filter>Header Files</Filter>
    </ClInclude>
    <ClInclude Include="ModuleSceneStart.h">
      <Filter>Header Files</Filter>
    </ClInclude>
    <ClInclude Include="Entity.h">
      <Filter>Header Files</Filter>
    </ClInclude>
    <ClInclude Include="EntityManager.h">
      <Filter>Header Files</Filter>
    </ClInclude>
    <ClInclude Include="Worm.h">
      <Filter>Header Files</Filter>
    </ClInclude>
    <ClInclude Include="ModulePlayer.h">
      <Filter>Header Files</Filter>
    </ClInclude>
    <ClInclude Include="Grenade.h">
      <Filter>Header Files</Filter>
    </ClInclude>
    <ClInclude Include="AirStrike.h">
      <Filter>Header Files</Filter>
    </ClInclude>
    <ClInclude Include="Weapon.h">
      <Filter>Header Files</Filter>
    </ClInclude>
    <ClInclude Include="ShotGun.h">
      <Filter>Header Files</Filter>
    </ClInclude>
    <ClInclude Include="Module.h">
      <Filter>Header Files</Filter>
    </ClInclude>
    <ClInclude Include="p2DynArray.h">
      <Filter>Header Files\Containers</Filter>
    </ClInclude>
    <ClInclude Include="p2Point.h">
      <Filter>Header Files\Containers</Filter>
    </ClInclude>
    <ClInclude Include="p2List.h">
      <Filter>Header Files\Containers</Filter>
    </ClInclude>
    <ClInclude Include="Animation.h">
      <Filter>Header Files</Filter>
    </ClInclude>
    <ClInclude Include="Queue.h">
      <Filter>Header Files\Containers</Filter>
    </ClInclude>
  </ItemGroup>
  <ItemGroup>
    <ClCompile Include="Application.cpp">
      <Filter>Source Files</Filter>
    </ClCompile>
    <ClCompile Include="log.cpp">
      <Filter>Source Files</Filter>
    </ClCompile>
    <ClCompile Include="Main.cpp">
      <Filter>Source Files</Filter>
    </ClCompile>
    <ClCompile Include="Physics.cpp">
      <Filter>Source Files</Filter>
    </ClCompile>
    <ClCompile Include="Vector2d.cpp">
      <Filter>Source Files</Filter>
    </ClCompile>
    <ClCompile Include="ModuleAudio.cpp">
      <Filter>Source Files</Filter>
    </ClCompile>
    <ClCompile Include="ModuleFadeToBlack.cpp">
      <Filter>Source Files</Filter>
    </ClCompile>
    <ClCompile Include="ModuleFonts.cpp">
      <Filter>Source Files</Filter>
    </ClCompile>
    <ClCompile Include="ModuleInput.cpp">
      <Filter>Source Files</Filter>
    </ClCompile>
    <ClCompile Include="ModulePhysics.cpp">
      <Filter>Source Files</Filter>
    </ClCompile>
    <ClCompile Include="ModuleRender.cpp">
      <Filter>Source Files</Filter>
    </ClCompile>
    <ClCompile Include="ModuleTextures.cpp">
      <Filter>Source Files</Filter>
    </ClCompile>
    <ClCompile Include="ModuleUi.cpp">
      <Filter>Source Files</Filter>
    </ClCompile>
    <ClCompile Include="ModuleWindow.cpp">
      <Filter>Source Files</Filter>
    </ClCompile>
    <ClCompile Include="ModuleSceneEnd.cpp">
      <Filter>Source Files</Filter>
    </ClCompile>
    <ClCompile Include="ModuleSceneIntro.cpp">
      <Filter>Source Files</Filter>
    </ClCompile>
    <ClCompile Include="ModuleSceneStart.cpp">
      <Filter>Source Files</Filter>
    </ClCompile>
    <ClCompile Include="ModulePlayer.cpp">
      <Filter>Source Files</Filter>
    </ClCompile>
    <ClCompile Include="PhysObject.cpp">
      <Filter>Source Files</Filter>
    </ClCompile>
    <ClCompile Include="Worm.cpp">
      <Filter>Source Files</Filter>
    </ClCompile>
    <ClCompile Include="AirStrike.cpp">
      <Filter>Source Files</Filter>
    </ClCompile>
    <ClCompile Include="EntityManager.cpp">
      <Filter>Source Files</Filter>
    </ClCompile>
    <ClCompile Include="HandGun.cpp">
      <Filter>Source Files</Filter>
    </ClCompile>
    <ClCompile Include="Grenade.cpp">
      <Filter>Source Files</Filter>
    </ClCompile>
  </ItemGroup>
</Project>