<?xml version="1.0" encoding="utf-8"?>
<Project ToolsVersion="4.0" xmlns="http://schemas.microsoft.com/developer/msbuild/2003">
  <ItemGroup>
    <Filter Include="cpp">
      <UniqueIdentifier>{fd9f1baa-a63d-46ac-8e01-42243b1dbb03}</UniqueIdentifier>
    </Filter>
    <Filter Include="headers">
      <UniqueIdentifier>{363c1090-802a-41be-9385-fa1f3ff5b29b}</UniqueIdentifier>
    </Filter>
  </ItemGroup>
  <ItemGroup>
    <ClInclude Include="Globals.h">
      <Filter>headers</Filter>
    </ClInclude>
    <ClInclude Include="Application.h">
      <Filter>headers</Filter>
    </ClInclude>
    <ClInclude Include="p2DynArray.h">
      <Filter>headers</Filter>
    </ClInclude>
    <ClInclude Include="p2List.h">
      <Filter>headers</Filter>
    </ClInclude>
    <ClInclude Include="p2Point.h">
      <Filter>headers</Filter>
    </ClInclude>
    <ClInclude Include="Queue.h">
      <Filter>headers</Filter>
    </ClInclude>
    <ClInclude Include="SString.h">
      <Filter>headers</Filter>
    </ClInclude>
    <ClInclude Include="Vector2d.h">
      <Filter>headers</Filter>
    </ClInclude>
    <ClInclude Include="ModuleAudio.h">
      <Filter>headers</Filter>
    </ClInclude>
    <ClInclude Include="ModuleFadeToBlack.h">
      <Filter>headers</Filter>
    </ClInclude>
    <ClInclude Include="ModuleFonts.h">
      <Filter>headers</Filter>
    </ClInclude>
    <ClInclude Include="ModuleInput.h">
      <Filter>headers</Filter>
    </ClInclude>
    <ClInclude Include="ModulePhysics.h">
      <Filter>headers</Filter>
    </ClInclude>
    <ClInclude Include="ModuleRender.h">
      <Filter>headers</Filter>
    </ClInclude>
    <ClInclude Include="ModuleTextures.h">
      <Filter>headers</Filter>
    </ClInclude>
    <ClInclude Include="ModuleUi.h">
      <Filter>headers</Filter>
    </ClInclude>
    <ClInclude Include="ModuleWindow.h">
      <Filter>headers</Filter>
    </ClInclude>
    <ClInclude Include="Entity.h">
      <Filter>headers</Filter>
    </ClInclude>
    <ClInclude Include="EntityManager.h">
      <Filter>headers</Filter>
    </ClInclude>
    <ClInclude Include="Worm.h">
      <Filter>headers</Filter>
    </ClInclude>
    <ClInclude Include="ModuleSceneEnd.h">
      <Filter>headers</Filter>
    </ClInclude>
    <ClInclude Include="ModuleSceneIntro.h">
      <Filter>headers</Filter>
    </ClInclude>
    <ClInclude Include="ModuleSceneStart.h">
      <Filter>headers</Filter>
    </ClInclude>
    <ClInclude Include="AirStrike.h">
      <Filter>headers</Filter>
    </ClInclude>
    <ClInclude Include="Granade.h">
      <Filter>headers</Filter>
    </ClInclude>
    <ClInclude Include="HandGun.h">
      <Filter>headers</Filter>
    </ClInclude>
    <ClInclude Include="PortalGun.h">
      <Filter>headers</Filter>
    </ClInclude>
    <ClInclude Include="Weapon.h">
      <Filter>headers</Filter>
    </ClInclude>
    <ClInclude Include="ModulePlayer.h">
      <Filter>headers</Filter>
    </ClInclude>
    <ClInclude Include="Module.h">
      <Filter>headers</Filter>
    </ClInclude>
    <ClInclude Include="Physics.h">
      <Filter>headers</Filter>
    </ClInclude>
    <ClInclude Include="PhysObject.h">
      <Filter>headers</Filter>
    </ClInclude>
    <ClInclude Include="Portal.h">
      <Filter>headers</Filter>
    </ClInclude>
  </ItemGroup>
  <ItemGroup>
    <ClCompile Include="Application.cpp">
      <Filter>cpp</Filter>
    </ClCompile>
    <ClCompile Include="log.cpp">
      <Filter>cpp</Filter>
    </ClCompile>
    <ClCompile Include="Main.cpp">
      <Filter>cpp</Filter>
    </ClCompile>
    <ClCompile Include="Vector2d.cpp">
      <Filter>cpp</Filter>
    </ClCompile>
    <ClCompile Include="ModuleAudio.cpp">
      <Filter>cpp</Filter>
    </ClCompile>
    <ClCompile Include="ModuleFadeToBlack.cpp">
      <Filter>cpp</Filter>
    </ClCompile>
    <ClCompile Include="ModuleFonts.cpp">
      <Filter>cpp</Filter>
    </ClCompile>
    <ClCompile Include="ModuleInput.cpp">
      <Filter>cpp</Filter>
    </ClCompile>
    <ClCompile Include="ModulePhysics.cpp">
      <Filter>cpp</Filter>
    </ClCompile>
    <ClCompile Include="ModuleRender.cpp">
      <Filter>cpp</Filter>
    </ClCompile>
    <ClCompile Include="ModuleTextures.cpp">
      <Filter>cpp</Filter>
    </ClCompile>
    <ClCompile Include="ModuleUi.cpp">
      <Filter>cpp</Filter>
    </ClCompile>
    <ClCompile Include="ModuleWindow.cpp">
      <Filter>cpp</Filter>
    </ClCompile>
    <ClCompile Include="EntityManager.cpp">
      <Filter>cpp</Filter>
    </ClCompile>
    <ClCompile Include="Worm.cpp">
      <Filter>cpp</Filter>
    </ClCompile>
    <ClCompile Include="ModuleSceneEnd.cpp">
      <Filter>cpp</Filter>
    </ClCompile>
    <ClCompile Include="ModuleSceneIntro.cpp">
      <Filter>cpp</Filter>
    </ClCompile>
    <ClCompile Include="ModuleSceneStart.cpp">
      <Filter>cpp</Filter>
    </ClCompile>
    <ClCompile Include="AirStrike.cpp">
      <Filter>cpp</Filter>
    </ClCompile>
    <ClCompile Include="Granade.cpp">
      <Filter>cpp</Filter>
    </ClCompile>
    <ClCompile Include="HandGun.cpp">
      <Filter>cpp</Filter>
    </ClCompile>
    <ClCompile Include="PortalGun.cpp">
      <Filter>cpp</Filter>
    </ClCompile>
    <ClCompile Include="ModulePlayer.cpp">
      <Filter>cpp</Filter>
    </ClCompile>
    <ClCompile Include="Physics.cpp">
      <Filter>cpp</Filter>
    </ClCompile>
    <ClCompile Include="PhysObject.cpp">
      <Filter>cpp</Filter>
    </ClCompile>
    <ClCompile Include="Portal.cpp">
      <Filter>cpp</Filter>
    </ClCompile>
  </ItemGroup>
</Project>